
Microsoft Visual Studio Solution File, Format Version 12.00
# Visual Studio 15
VisualStudioVersion = 15.0.26430.6
MinimumVisualStudioVersion = 10.0.40219.1
Project("{FAE04EC0-301F-11D3-BF4B-00C04F79EFBC}") = "tomtekdevhome", "tomtekdevhome\tomtekdevhome.csproj", "{A22EC43A-1B4D-4A93-AB37-C51FF27D9562}"
EndProject
Project("{FAE04EC0-301F-11D3-BF4B-00C04F79EFBC}") = "tomtekdevhome.Tests", "tomtekdevhome.Tests\tomtekdevhome.Tests.csproj", "{7709A748-F1FD-400D-9D22-C4635917E80C}"
EndProject
Global
	GlobalSection(SolutionConfigurationPlatforms) = preSolution
		Debug|Any CPU = Debug|Any CPU
		Release|Any CPU = Release|Any CPU
	EndGlobalSection
	GlobalSection(ProjectConfigurationPlatforms) = postSolution
		{A22EC43A-1B4D-4A93-AB37-C51FF27D9562}.Debug|Any CPU.ActiveCfg = Debug|Any CPU
		{A22EC43A-1B4D-4A93-AB37-C51FF27D9562}.Debug|Any CPU.Build.0 = Debug|Any CPU
		{A22EC43A-1B4D-4A93-AB37-C51FF27D9562}.Release|Any CPU.ActiveCfg = Release|Any CPU
		{A22EC43A-1B4D-4A93-AB37-C51FF27D9562}.Release|Any CPU.Build.0 = Release|Any CPU
		{7709A748-F1FD-400D-9D22-C4635917E80C}.Debug|Any CPU.ActiveCfg = Debug|Any CPU
		{7709A748-F1FD-400D-9D22-C4635917E80C}.Debug|Any CPU.Build.0 = Debug|Any CPU
		{7709A748-F1FD-400D-9D22-C4635917E80C}.Release|Any CPU.ActiveCfg = Release|Any CPU
		{7709A748-F1FD-400D-9D22-C4635917E80C}.Release|Any CPU.Build.0 = Release|Any CPU
	EndGlobalSection
	GlobalSection(SolutionProperties) = preSolution
		HideSolutionNode = FALSE
	EndGlobalSection
EndGlobal
